
Microsoft Visual Studio Solution File, Format Version 12.00
# Visual Studio Version 17
VisualStudioVersion = 17.13.35931.197 d17.13
MinimumVisualStudioVersion = 10.0.40219.1
Project("{FAE04EC0-301F-11D3-BF4B-00C04F79EFBC}") = "BSLTours.API", "BSLTours.API.csproj", "{4746821D-E1AF-ADB0-3CEF-90399F2DB531}"
EndProject
Global
	GlobalSection(SolutionConfigurationPlatforms) = preSolution
		Debug|Any CPU = Debug|Any CPU
		Release|Any CPU = Release|Any CPU
	EndGlobalSection
	GlobalSection(ProjectConfigurationPlatforms) = postSolution
		{4746821D-E1AF-ADB0-3CEF-90399F2DB531}.Debug|Any CPU.ActiveCfg = Debug|Any CPU
		{4746821D-E1AF-ADB0-3CEF-90399F2DB531}.Debug|Any CPU.Build.0 = Debug|Any CPU
		{4746821D-E1AF-ADB0-3CEF-90399F2DB531}.Release|Any CPU.ActiveCfg = Release|Any CPU
		{4746821D-E1AF-ADB0-3CEF-90399F2DB531}.Release|Any CPU.Build.0 = Release|Any CPU
	EndGlobalSection
	GlobalSection(SolutionProperties) = preSolution
		HideSolutionNode = FALSE
	EndGlobalSection
	GlobalSection(ExtensibilityGlobals) = postSolution
		SolutionGuid = {2FCE7E26-3863-449A-93FC-7B58482B5318}
	EndGlobalSection
EndGlobal
